// !$*UTF8*$!
{
	archiveVersion = 1;
	classes = {
	};
	objectVersion = 46;
	objects = {

/* Begin PBXBuildFile section */
		550E46701DE9EA2800C48958 /* AppDelegate.swift in Sources */ = {isa = PBXBuildFile; fileRef = 550E466F1DE9EA2800C48958 /* AppDelegate.swift */; };
		550E46751DE9EA2800C48958 /* Main.storyboard in Resources */ = {isa = PBXBuildFile; fileRef = 550E46731DE9EA2800C48958 /* Main.storyboard */; };
		550E467A1DE9EA2800C48958 /* Assets.xcassets in Resources */ = {isa = PBXBuildFile; fileRef = 550E46791DE9EA2800C48958 /* Assets.xcassets */; };
		550E467D1DE9EA2800C48958 /* LaunchScreen.storyboard in Resources */ = {isa = PBXBuildFile; fileRef = 550E467B1DE9EA2800C48958 /* LaunchScreen.storyboard */; };
		551EE2671E1C08BB00352D8C /* CoreData.swift in Sources */ = {isa = PBXBuildFile; fileRef = 551EE2661E1C08BB00352D8C /* CoreData.swift */; };
		551EE2841E1FC32400352D8C /* Subject+CoreDataClass.swift in Sources */ = {isa = PBXBuildFile; fileRef = 551EE2801E1FC32400352D8C /* Subject+CoreDataClass.swift */; };
		551EE2851E1FC32400352D8C /* Subject+CoreDataProperties.swift in Sources */ = {isa = PBXBuildFile; fileRef = 551EE2811E1FC32400352D8C /* Subject+CoreDataProperties.swift */; };
		551EE2861E1FC32400352D8C /* Question+CoreDataClass.swift in Sources */ = {isa = PBXBuildFile; fileRef = 551EE2821E1FC32400352D8C /* Question+CoreDataClass.swift */; };
		551EE2871E1FC32400352D8C /* Question+CoreDataProperties.swift in Sources */ = {isa = PBXBuildFile; fileRef = 551EE2831E1FC32400352D8C /* Question+CoreDataProperties.swift */; };
		552CDD511DEDD70600D10D44 /* QuestionTableViewController.swift in Sources */ = {isa = PBXBuildFile; fileRef = 552CDD501DEDD70600D10D44 /* QuestionTableViewController.swift */; };
		552CDD531DEE053100D10D44 /* CreateQuestionViewController.swift in Sources */ = {isa = PBXBuildFile; fileRef = 552CDD521DEE053100D10D44 /* CreateQuestionViewController.swift */; };
		5533F6FF1E14346A00DCE7C1 /* QuestionDetailViewController.swift in Sources */ = {isa = PBXBuildFile; fileRef = 5533F6FE1E14346A00DCE7C1 /* QuestionDetailViewController.swift */; };
		5533F7011E15576B00DCE7C1 /* AnswerViewController.swift in Sources */ = {isa = PBXBuildFile; fileRef = 5533F7001E15576B00DCE7C1 /* AnswerViewController.swift */; };
		55CC712A1DEC65AA007180AC /* SubjectChoiceViewController.swift in Sources */ = {isa = PBXBuildFile; fileRef = 55CC71291DEC65AA007180AC /* SubjectChoiceViewController.swift */; };
		55CC712C1DEC6858007180AC /* HomeCollectionViewController.swift in Sources */ = {isa = PBXBuildFile; fileRef = 55CC712B1DEC6858007180AC /* HomeCollectionViewController.swift */; };
		55CC71301DEC745E007180AC /* HomeCollectionViewCell.swift in Sources */ = {isa = PBXBuildFile; fileRef = 55CC712F1DEC745E007180AC /* HomeCollectionViewCell.swift */; };
		55E1D0211E201D3E00146551 /* iOSFactModel.xcdatamodeld in Sources */ = {isa = PBXBuildFile; fileRef = 55E1D01F1E201D3E00146551 /* iOSFactModel.xcdatamodeld */; };
		55E1D0241E2107F200146551 /* Icons.xcassets in Resources */ = {isa = PBXBuildFile; fileRef = 55E1D0231E2107F200146551 /* Icons.xcassets */; };
/* End PBXBuildFile section */

/* Begin PBXFileReference section */
		550E466C1DE9EA2800C48958 /* iOSFact.app */ = {isa = PBXFileReference; explicitFileType = wrapper.application; includeInIndex = 0; path = iOSFact.app; sourceTree = BUILT_PRODUCTS_DIR; };
		550E466F1DE9EA2800C48958 /* AppDelegate.swift */ = {isa = PBXFileReference; lastKnownFileType = sourcecode.swift; path = AppDelegate.swift; sourceTree = "<group>"; };
		550E46741DE9EA2800C48958 /* Base */ = {isa = PBXFileReference; lastKnownFileType = file.storyboard; name = Base; path = Base.lproj/Main.storyboard; sourceTree = "<group>"; };
		550E46791DE9EA2800C48958 /* Assets.xcassets */ = {isa = PBXFileReference; lastKnownFileType = folder.assetcatalog; path = Assets.xcassets; sourceTree = "<group>"; };
		550E467C1DE9EA2800C48958 /* Base */ = {isa = PBXFileReference; lastKnownFileType = file.storyboard; name = Base; path = Base.lproj/LaunchScreen.storyboard; sourceTree = "<group>"; };
		550E467E1DE9EA2800C48958 /* Info.plist */ = {isa = PBXFileReference; lastKnownFileType = text.plist.xml; path = Info.plist; sourceTree = "<group>"; };
		551EE2661E1C08BB00352D8C /* CoreData.swift */ = {isa = PBXFileReference; fileEncoding = 4; lastKnownFileType = sourcecode.swift; path = CoreData.swift; sourceTree = "<group>"; };
		551EE2801E1FC32400352D8C /* Subject+CoreDataClass.swift */ = {isa = PBXFileReference; fileEncoding = 4; lastKnownFileType = sourcecode.swift; path = "Subject+CoreDataClass.swift"; sourceTree = "<group>"; };
		551EE2811E1FC32400352D8C /* Subject+CoreDataProperties.swift */ = {isa = PBXFileReference; fileEncoding = 4; lastKnownFileType = sourcecode.swift; path = "Subject+CoreDataProperties.swift"; sourceTree = "<group>"; };
		551EE2821E1FC32400352D8C /* Question+CoreDataClass.swift */ = {isa = PBXFileReference; fileEncoding = 4; lastKnownFileType = sourcecode.swift; path = "Question+CoreDataClass.swift"; sourceTree = "<group>"; };
		551EE2831E1FC32400352D8C /* Question+CoreDataProperties.swift */ = {isa = PBXFileReference; fileEncoding = 4; lastKnownFileType = sourcecode.swift; path = "Question+CoreDataProperties.swift"; sourceTree = "<group>"; };
		552CDD501DEDD70600D10D44 /* QuestionTableViewController.swift */ = {isa = PBXFileReference; fileEncoding = 4; lastKnownFileType = sourcecode.swift; path = QuestionTableViewController.swift; sourceTree = "<group>"; };
		552CDD521DEE053100D10D44 /* CreateQuestionViewController.swift */ = {isa = PBXFileReference; fileEncoding = 4; lastKnownFileType = sourcecode.swift; path = CreateQuestionViewController.swift; sourceTree = "<group>"; };
		5533F6FE1E14346A00DCE7C1 /* QuestionDetailViewController.swift */ = {isa = PBXFileReference; fileEncoding = 4; lastKnownFileType = sourcecode.swift; path = QuestionDetailViewController.swift; sourceTree = "<group>"; };
		5533F7001E15576B00DCE7C1 /* AnswerViewController.swift */ = {isa = PBXFileReference; fileEncoding = 4; lastKnownFileType = sourcecode.swift; path = AnswerViewController.swift; sourceTree = "<group>"; };
		55CC71291DEC65AA007180AC /* SubjectChoiceViewController.swift */ = {isa = PBXFileReference; fileEncoding = 4; lastKnownFileType = sourcecode.swift; path = SubjectChoiceViewController.swift; sourceTree = "<group>"; };
		55CC712B1DEC6858007180AC /* HomeCollectionViewController.swift */ = {isa = PBXFileReference; fileEncoding = 4; lastKnownFileType = sourcecode.swift; path = HomeCollectionViewController.swift; sourceTree = "<group>"; };
		55CC712F1DEC745E007180AC /* HomeCollectionViewCell.swift */ = {isa = PBXFileReference; fileEncoding = 4; lastKnownFileType = sourcecode.swift; path = HomeCollectionViewCell.swift; sourceTree = "<group>"; };
		55E1D0201E201D3E00146551 /* iOSFactModel.xcdatamodel */ = {isa = PBXFileReference; lastKnownFileType = wrapper.xcdatamodel; path = iOSFactModel.xcdatamodel; sourceTree = "<group>"; };
		55E1D0231E2107F200146551 /* Icons.xcassets */ = {isa = PBXFileReference; lastKnownFileType = folder.assetcatalog; path = Icons.xcassets; sourceTree = "<group>"; };
/* End PBXFileReference section */

/* Begin PBXFrameworksBuildPhase section */
		550E46691DE9EA2800C48958 /* Frameworks */ = {
			isa = PBXFrameworksBuildPhase;
			buildActionMask = 2147483647;
			files = (
			);
			runOnlyForDeploymentPostprocessing = 0;
		};
/* End PBXFrameworksBuildPhase section */

/* Begin PBXGroup section */
		550E46631DE9EA2800C48958 = {
			isa = PBXGroup;
			children = (
				550E466E1DE9EA2800C48958 /* iOSFact */,
				550E466D1DE9EA2800C48958 /* Products */,
			);
			sourceTree = "<group>";
		};
		550E466D1DE9EA2800C48958 /* Products */ = {
			isa = PBXGroup;
			children = (
				550E466C1DE9EA2800C48958 /* iOSFact.app */,
			);
			name = Products;
			sourceTree = "<group>";
		};
		550E466E1DE9EA2800C48958 /* iOSFact */ = {
			isa = PBXGroup;
			children = (
				550E466F1DE9EA2800C48958 /* AppDelegate.swift */,
				55CC71291DEC65AA007180AC /* SubjectChoiceViewController.swift */,
				55CC712F1DEC745E007180AC /* HomeCollectionViewCell.swift */,
				55CC712B1DEC6858007180AC /* HomeCollectionViewController.swift */,
				552CDD501DEDD70600D10D44 /* QuestionTableViewController.swift */,
				552CDD521DEE053100D10D44 /* CreateQuestionViewController.swift */,
				5533F6FE1E14346A00DCE7C1 /* QuestionDetailViewController.swift */,
				5533F7001E15576B00DCE7C1 /* AnswerViewController.swift */,
				550E46731DE9EA2800C48958 /* Main.storyboard */,
				550E467B1DE9EA2800C48958 /* LaunchScreen.storyboard */,
				551EE2661E1C08BB00352D8C /* CoreData.swift */,
				551EE2801E1FC32400352D8C /* Subject+CoreDataClass.swift */,
				551EE2811E1FC32400352D8C /* Subject+CoreDataProperties.swift */,
				551EE2821E1FC32400352D8C /* Question+CoreDataClass.swift */,
				551EE2831E1FC32400352D8C /* Question+CoreDataProperties.swift */,
				55E1D01F1E201D3E00146551 /* iOSFactModel.xcdatamodeld */,
				550E46791DE9EA2800C48958 /* Assets.xcassets */,
				55E1D0231E2107F200146551 /* Icons.xcassets */,
				550E467E1DE9EA2800C48958 /* Info.plist */,
			);
			path = iOSFact;
			sourceTree = "<group>";
		};
/* End PBXGroup section */

/* Begin PBXNativeTarget section */
		550E466B1DE9EA2800C48958 /* iOSFact */ = {
			isa = PBXNativeTarget;
			buildConfigurationList = 550E46811DE9EA2800C48958 /* Build configuration list for PBXNativeTarget "iOSFact" */;
			buildPhases = (
				550E46681DE9EA2800C48958 /* Sources */,
				550E46691DE9EA2800C48958 /* Frameworks */,
				550E466A1DE9EA2800C48958 /* Resources */,
			);
			buildRules = (
			);
			dependencies = (
			);
			name = iOSFact;
			productName = iOSFact;
			productReference = 550E466C1DE9EA2800C48958 /* iOSFact.app */;
			productType = "com.apple.product-type.application";
		};
/* End PBXNativeTarget section */

/* Begin PBXProject section */
		550E46641DE9EA2800C48958 /* Project object */ = {
			isa = PBXProject;
			attributes = {
				LastSwiftUpdateCheck = 0810;
				LastUpgradeCheck = 0820;
				ORGANIZATIONNAME = JamesDaniell;
				TargetAttributes = {
					550E466B1DE9EA2800C48958 = {
						CreatedOnToolsVersion = 8.1;
						DevelopmentTeam = 8VBMDTT8U4;
						ProvisioningStyle = Automatic;
					};
				};
			};
			buildConfigurationList = 550E46671DE9EA2800C48958 /* Build configuration list for PBXProject "iOSFact" */;
			compatibilityVersion = "Xcode 3.2";
			developmentRegion = English;
			hasScannedForEncodings = 0;
			knownRegions = (
				en,
				Base,
			);
			mainGroup = 550E46631DE9EA2800C48958;
			productRefGroup = 550E466D1DE9EA2800C48958 /* Products */;
			projectDirPath = "";
			projectRoot = "";
			targets = (
				550E466B1DE9EA2800C48958 /* iOSFact */,
			);
		};
/* End PBXProject section */

/* Begin PBXResourcesBuildPhase section */
		550E466A1DE9EA2800C48958 /* Resources */ = {
			isa = PBXResourcesBuildPhase;
			buildActionMask = 2147483647;
			files = (
				550E467D1DE9EA2800C48958 /* LaunchScreen.storyboard in Resources */,
				55E1D0241E2107F200146551 /* Icons.xcassets in Resources */,
				550E467A1DE9EA2800C48958 /* Assets.xcassets in Resources */,
				550E46751DE9EA2800C48958 /* Main.storyboard in Resources */,
			);
			runOnlyForDeploymentPostprocessing = 0;
		};
/* End PBXResourcesBuildPhase section */

/* Begin PBXSourcesBuildPhase section */
		550E46681DE9EA2800C48958 /* Sources */ = {
			isa = PBXSourcesBuildPhase;
			buildActionMask = 2147483647;
			files = (
				551EE2851E1FC32400352D8C /* Subject+CoreDataProperties.swift in Sources */,
				55CC71301DEC745E007180AC /* HomeCollectionViewCell.swift in Sources */,
				552CDD511DEDD70600D10D44 /* QuestionTableViewController.swift in Sources */,
				551EE2871E1FC32400352D8C /* Question+CoreDataProperties.swift in Sources */,
				550E46701DE9EA2800C48958 /* AppDelegate.swift in Sources */,
				551EE2841E1FC32400352D8C /* Subject+CoreDataClass.swift in Sources */,
				5533F7011E15576B00DCE7C1 /* AnswerViewController.swift in Sources */,
				551EE2671E1C08BB00352D8C /* CoreData.swift in Sources */,
				5533F6FF1E14346A00DCE7C1 /* QuestionDetailViewController.swift in Sources */,
				55E1D0211E201D3E00146551 /* iOSFactModel.xcdatamodeld in Sources */,
				552CDD531DEE053100D10D44 /* CreateQuestionViewController.swift in Sources */,
				55CC712A1DEC65AA007180AC /* SubjectChoiceViewController.swift in Sources */,
				55CC712C1DEC6858007180AC /* HomeCollectionViewController.swift in Sources */,
				551EE2861E1FC32400352D8C /* Question+CoreDataClass.swift in Sources */,
			);
			runOnlyForDeploymentPostprocessing = 0;
		};
/* End PBXSourcesBuildPhase section */

/* Begin PBXVariantGroup section */
		550E46731DE9EA2800C48958 /* Main.storyboard */ = {
			isa = PBXVariantGroup;
			children = (
				550E46741DE9EA2800C48958 /* Base */,
			);
			name = Main.storyboard;
			sourceTree = "<group>";
		};
		550E467B1DE9EA2800C48958 /* LaunchScreen.storyboard */ = {
			isa = PBXVariantGroup;
			children = (
				550E467C1DE9EA2800C48958 /* Base */,
			);
			name = LaunchScreen.storyboard;
			sourceTree = "<group>";
		};
/* End PBXVariantGroup section */

/* Begin XCBuildConfiguration section */
		550E467F1DE9EA2800C48958 /* Debug */ = {
			isa = XCBuildConfiguration;
			buildSettings = {
				ALWAYS_SEARCH_USER_PATHS = NO;
				CLANG_ANALYZER_NONNULL = YES;
				CLANG_CXX_LANGUAGE_STANDARD = "gnu++0x";
				CLANG_CXX_LIBRARY = "libc++";
				CLANG_ENABLE_MODULES = YES;
				CLANG_ENABLE_OBJC_ARC = YES;
				CLANG_WARN_BOOL_CONVERSION = YES;
				CLANG_WARN_CONSTANT_CONVERSION = YES;
				CLANG_WARN_DIRECT_OBJC_ISA_USAGE = YES_ERROR;
				CLANG_WARN_DOCUMENTATION_COMMENTS = YES;
				CLANG_WARN_EMPTY_BODY = YES;
				CLANG_WARN_ENUM_CONVERSION = YES;
				CLANG_WARN_INFINITE_RECURSION = YES;
				CLANG_WARN_INT_CONVERSION = YES;
				CLANG_WARN_OBJC_ROOT_CLASS = YES_ERROR;
				CLANG_WARN_SUSPICIOUS_MOVE = YES;
				CLANG_WARN_SUSPICIOUS_MOVES = YES;
				CLANG_WARN_UNREACHABLE_CODE = YES;
				CLANG_WARN__DUPLICATE_METHOD_MATCH = YES;
				"CODE_SIGN_IDENTITY[sdk=iphoneos*]" = "iPhone Developer";
				COPY_PHASE_STRIP = NO;
				DEBUG_INFORMATION_FORMAT = dwarf;
				ENABLE_STRICT_OBJC_MSGSEND = YES;
				ENABLE_TESTABILITY = YES;
				GCC_C_LANGUAGE_STANDARD = gnu99;
				GCC_DYNAMIC_NO_PIC = NO;
				GCC_NO_COMMON_BLOCKS = YES;
				GCC_OPTIMIZATION_LEVEL = 0;
				GCC_PREPROCESSOR_DEFINITIONS = (
					"DEBUG=1",
					"$(inherited)",
				);
				GCC_WARN_64_TO_32_BIT_CONVERSION = YES;
				GCC_WARN_ABOUT_RETURN_TYPE = YES_ERROR;
				GCC_WARN_UNDECLARED_SELECTOR = YES;
				GCC_WARN_UNINITIALIZED_AUTOS = YES_AGGRESSIVE;
				GCC_WARN_UNUSED_FUNCTION = YES;
				GCC_WARN_UNUSED_VARIABLE = YES;
				IPHONEOS_DEPLOYMENT_TARGET = 10.1;
				MTL_ENABLE_DEBUG_INFO = YES;
				ONLY_ACTIVE_ARCH = YES;
				SDKROOT = iphoneos;
				SWIFT_ACTIVE_COMPILATION_CONDITIONS = DEBUG;
				SWIFT_OPTIMIZATION_LEVEL = "-Onone";
			};
			name = Debug;
		};
		550E46801DE9EA2800C48958 /* Release */ = {
			isa = XCBuildConfiguration;
			buildSettings = {
				ALWAYS_SEARCH_USER_PATHS = NO;
				CLANG_ANALYZER_NONNULL = YES;
				CLANG_CXX_LANGUAGE_STANDARD = "gnu++0x";
				CLANG_CXX_LIBRARY = "libc++";
				CLANG_ENABLE_MODULES = YES;
				CLANG_ENABLE_OBJC_ARC = YES;
				CLANG_WARN_BOOL_CONVERSION = YES;
				CLANG_WARN_CONSTANT_CONVERSION = YES;
				CLANG_WARN_DIRECT_OBJC_ISA_USAGE = YES_ERROR;
				CLANG_WARN_DOCUMENTATION_COMMENTS = YES;
				CLANG_WARN_EMPTY_BODY = YES;
				CLANG_WARN_ENUM_CONVERSION = YES;
				CLANG_WARN_INFINITE_RECURSION = YES;
				CLANG_WARN_INT_CONVERSION = YES;
				CLANG_WARN_OBJC_ROOT_CLASS = YES_ERROR;
				CLANG_WARN_SUSPICIOUS_MOVE = YES;
				CLANG_WARN_SUSPICIOUS_MOVES = YES;
				CLANG_WARN_UNREACHABLE_CODE = YES;
				CLANG_WARN__DUPLICATE_METHOD_MATCH = YES;
				"CODE_SIGN_IDENTITY[sdk=iphoneos*]" = "iPhone Developer";
				COPY_PHASE_STRIP = NO;
				DEBUG_INFORMATION_FORMAT = "dwarf-with-dsym";
				ENABLE_NS_ASSERTIONS = NO;
				ENABLE_STRICT_OBJC_MSGSEND = YES;
				GCC_C_LANGUAGE_STANDARD = gnu99;
				GCC_NO_COMMON_BLOCKS = YES;
				GCC_WARN_64_TO_32_BIT_CONVERSION = YES;
				GCC_WARN_ABOUT_RETURN_TYPE = YES_ERROR;
				GCC_WARN_UNDECLARED_SELECTOR = YES;
				GCC_WARN_UNINITIALIZED_AUTOS = YES_AGGRESSIVE;
				GCC_WARN_UNUSED_FUNCTION = YES;
				GCC_WARN_UNUSED_VARIABLE = YES;
				IPHONEOS_DEPLOYMENT_TARGET = 10.1;
				MTL_ENABLE_DEBUG_INFO = NO;
				SDKROOT = iphoneos;
				SWIFT_OPTIMIZATION_LEVEL = "-Owholemodule";
				VALIDATE_PRODUCT = YES;
			};
			name = Release;
		};
		550E46821DE9EA2800C48958 /* Debug */ = {
			isa = XCBuildConfiguration;
			buildSettings = {
				ASSETCATALOG_COMPILER_APPICON_NAME = AppIcon;
				DEVELOPMENT_TEAM = 8VBMDTT8U4;
				INFOPLIST_FILE = iOSFact/Info.plist;
				LD_RUNPATH_SEARCH_PATHS = "$(inherited) @executable_path/Frameworks";
				PRODUCT_BUNDLE_IDENTIFIER = com.JamieDaniell.iOSFact;
				PRODUCT_NAME = "$(TARGET_NAME)";
				SWIFT_VERSION = 3.0;
			};
			name = Debug;
		};
		550E46831DE9EA2800C48958 /* Release */ = {
			isa = XCBuildConfiguration;
			buildSettings = {
				ASSETCATALOG_COMPILER_APPICON_NAME = AppIcon;
				DEVELOPMENT_TEAM = 8VBMDTT8U4;
				INFOPLIST_FILE = iOSFact/Info.plist;
				LD_RUNPATH_SEARCH_PATHS = "$(inherited) @executable_path/Frameworks";
				PRODUCT_BUNDLE_IDENTIFIER = com.JamieDaniell.iOSFact;
				PRODUCT_NAME = "$(TARGET_NAME)";
				SWIFT_VERSION = 3.0;
			};
			name = Release;
		};
/* End XCBuildConfiguration section */

/* Begin XCConfigurationList section */
		550E46671DE9EA2800C48958 /* Build configuration list for PBXProject "iOSFact" */ = {
			isa = XCConfigurationList;
			buildConfigurations = (
				550E467F1DE9EA2800C48958 /* Debug */,
				550E46801DE9EA2800C48958 /* Release */,
			);
			defaultConfigurationIsVisible = 0;
			defaultConfigurationName = Release;
		};
		550E46811DE9EA2800C48958 /* Build configuration list for PBXNativeTarget "iOSFact" */ = {
			isa = XCConfigurationList;
			buildConfigurations = (
				550E46821DE9EA2800C48958 /* Debug */,
				550E46831DE9EA2800C48958 /* Release */,
			);
			defaultConfigurationIsVisible = 0;
			defaultConfigurationName = Release;
		};
/* End XCConfigurationList section */

/* Begin XCVersionGroup section */
		55E1D01F1E201D3E00146551 /* iOSFactModel.xcdatamodeld */ = {
			isa = XCVersionGroup;
			children = (
				55E1D0201E201D3E00146551 /* iOSFactModel.xcdatamodel */,
			);
			currentVersion = 55E1D0201E201D3E00146551 /* iOSFactModel.xcdatamodel */;
			path = iOSFactModel.xcdatamodeld;
			sourceTree = "<group>";
			versionGroupType = wrapper.xcdatamodel;
		};
/* End XCVersionGroup section */
	};
	rootObject = 550E46641DE9EA2800C48958 /* Project object */;
}
